
Microsoft Visual Studio Solution File, Format Version 12.00
# Visual Studio Version 17
Project("{8BC9CEB8-8B4A-11D0-8D11-00A0C91BC942}") = "ALL_BUILD", "ALL_BUILD.vcxproj", "{418D374A-0F5C-3715-BE6C-9E6094A97BE7}"
	ProjectSection(ProjectDependencies) = postProject
		{62286EFC-EDA8-3E0E-A768-488FD0D2F4B6} = {62286EFC-EDA8-3E0E-A768-488FD0D2F4B6}
		{E398E636-2098-3661-A5BA-CB65AA48068E} = {E398E636-2098-3661-A5BA-CB65AA48068E}
	EndProjectSection
EndProject
Project("{8BC9CEB8-8B4A-11D0-8D11-00A0C91BC942}") = "C++RogueLike", "C++RogueLike.vcxproj", "{62286EFC-EDA8-3E0E-A768-488FD0D2F4B6}"
	ProjectSection(ProjectDependencies) = postProject
		{E398E636-2098-3661-A5BA-CB65AA48068E} = {E398E636-2098-3661-A5BA-CB65AA48068E}
	EndProjectSection
EndProject
Project("{8BC9CEB8-8B4A-11D0-8D11-00A0C91BC942}") = "ZERO_CHECK", "ZERO_CHECK.vcxproj", "{E398E636-2098-3661-A5BA-CB65AA48068E}"
	ProjectSection(ProjectDependencies) = postProject
	EndProjectSection
EndProject
Global
	GlobalSection(SolutionConfigurationPlatforms) = preSolution
		Debug|x64 = Debug|x64
		Release|x64 = Release|x64
		MinSizeRel|x64 = MinSizeRel|x64
		RelWithDebInfo|x64 = RelWithDebInfo|x64
	EndGlobalSection
	GlobalSection(ProjectConfigurationPlatforms) = postSolution
		{418D374A-0F5C-3715-BE6C-9E6094A97BE7}.Debug|x64.ActiveCfg = Debug|x64
		{418D374A-0F5C-3715-BE6C-9E6094A97BE7}.Release|x64.ActiveCfg = Release|x64
		{418D374A-0F5C-3715-BE6C-9E6094A97BE7}.MinSizeRel|x64.ActiveCfg = MinSizeRel|x64
		{418D374A-0F5C-3715-BE6C-9E6094A97BE7}.RelWithDebInfo|x64.ActiveCfg = RelWithDebInfo|x64
		{62286EFC-EDA8-3E0E-A768-488FD0D2F4B6}.Debug|x64.ActiveCfg = Debug|x64
		{62286EFC-EDA8-3E0E-A768-488FD0D2F4B6}.Debug|x64.Build.0 = Debug|x64
		{62286EFC-EDA8-3E0E-A768-488FD0D2F4B6}.Release|x64.ActiveCfg = Release|x64
		{62286EFC-EDA8-3E0E-A768-488FD0D2F4B6}.Release|x64.Build.0 = Release|x64
		{62286EFC-EDA8-3E0E-A768-488FD0D2F4B6}.MinSizeRel|x64.ActiveCfg = MinSizeRel|x64
		{62286EFC-EDA8-3E0E-A768-488FD0D2F4B6}.MinSizeRel|x64.Build.0 = MinSizeRel|x64
		{62286EFC-EDA8-3E0E-A768-488FD0D2F4B6}.RelWithDebInfo|x64.ActiveCfg = RelWithDebInfo|x64
		{62286EFC-EDA8-3E0E-A768-488FD0D2F4B6}.RelWithDebInfo|x64.Build.0 = RelWithDebInfo|x64
		{E398E636-2098-3661-A5BA-CB65AA48068E}.Debug|x64.ActiveCfg = Debug|x64
		{E398E636-2098-3661-A5BA-CB65AA48068E}.Debug|x64.Build.0 = Debug|x64
		{E398E636-2098-3661-A5BA-CB65AA48068E}.Release|x64.ActiveCfg = Release|x64
		{E398E636-2098-3661-A5BA-CB65AA48068E}.Release|x64.Build.0 = Release|x64
		{E398E636-2098-3661-A5BA-CB65AA48068E}.MinSizeRel|x64.ActiveCfg = MinSizeRel|x64
		{E398E636-2098-3661-A5BA-CB65AA48068E}.MinSizeRel|x64.Build.0 = MinSizeRel|x64
		{E398E636-2098-3661-A5BA-CB65AA48068E}.RelWithDebInfo|x64.ActiveCfg = RelWithDebInfo|x64
		{E398E636-2098-3661-A5BA-CB65AA48068E}.RelWithDebInfo|x64.Build.0 = RelWithDebInfo|x64
	EndGlobalSection
	GlobalSection(ExtensibilityGlobals) = postSolution
		SolutionGuid = {A996BDB1-866D-3F1B-ACB4-BA8DBB5D62AA}
	EndGlobalSection
	GlobalSection(ExtensibilityAddIns) = postSolution
	EndGlobalSection
EndGlobal
